
Microsoft Visual Studio Solution File, Format Version 12.00
# Visual Studio Version 17
VisualStudioVersion = 17.9.34902.65
MinimumVisualStudioVersion = 10.0.40219.1
Project("{FC65038C-1B2F-41E1-A629-BED71D161FFF}") = "AAXBatchJobExamples (USR) [AAXBatchJobExamples]", "AAXBatchJobExamples\AAXBatchJobExamples.rnrproj", "{E8A804C6-4EC2-4F56-A814-E15E8981C247}"
EndProject
Global
	GlobalSection(SolutionConfigurationPlatforms) = preSolution
		Debug|Any CPU = Debug|Any CPU
	EndGlobalSection
	GlobalSection(ProjectConfigurationPlatforms) = postSolution
		{E8A804C6-4EC2-4F56-A814-E15E8981C247}.Debug|Any CPU.ActiveCfg = Debug|Any CPU
		{E8A804C6-4EC2-4F56-A814-E15E8981C247}.Debug|Any CPU.Build.0 = Debug|Any CPU
	EndGlobalSection
	GlobalSection(SolutionProperties) = preSolution
		HideSolutionNode = FALSE
	EndGlobalSection
	GlobalSection(ExtensibilityGlobals) = postSolution
		SolutionGuid = {1DF9A90B-558E-411F-B8D8-F99DD11755BC}
	EndGlobalSection
EndGlobal
